
Microsoft Visual Studio Solution File, Format Version 12.00
# Visual Studio Version 17
VisualStudioVersion = 17.2.32516.85
MinimumVisualStudioVersion = 10.0.40219.1
Project("{FAE04EC0-301F-11D3-BF4B-00C04F79EFBC}") = "WebApplication1", "WebApplication1.csproj", "{AFEEB156-FC73-41AD-902A-7D66D6326F7E}"
EndProject
Global
	GlobalSection(SolutionConfigurationPlatforms) = preSolution
		Debug|Any CPU = Debug|Any CPU
		Release|Any CPU = Release|Any CPU
	EndGlobalSection
	GlobalSection(ProjectConfigurationPlatforms) = postSolution
		{AFEEB156-FC73-41AD-902A-7D66D6326F7E}.Debug|Any CPU.ActiveCfg = Debug|Any CPU
		{AFEEB156-FC73-41AD-902A-7D66D6326F7E}.Debug|Any CPU.Build.0 = Debug|Any CPU
		{AFEEB156-FC73-41AD-902A-7D66D6326F7E}.Release|Any CPU.ActiveCfg = Release|Any CPU
		{AFEEB156-FC73-41AD-902A-7D66D6326F7E}.Release|Any CPU.Build.0 = Release|Any CPU
	EndGlobalSection
	GlobalSection(SolutionProperties) = preSolution
		HideSolutionNode = FALSE
	EndGlobalSection
	GlobalSection(ExtensibilityGlobals) = postSolution
		SolutionGuid = {A4CCB4BC-06F6-4795-ABC5-D513FE43C369}
	EndGlobalSection
EndGlobal
